
Microsoft Visual Studio Solution File, Format Version 12.00
# Visual Studio Version 17
VisualStudioVersion = 17.5.002.0
MinimumVisualStudioVersion = 10.0.40219.1
Project("{2150E333-8FDC-42A3-9474-1A3956D46DE8}") = "Lecture", "Lecture", "{D99AF1BB-1D1E-412A-B5F2-B43F9AFD36FF}"
EndProject
Project("{9A19103F-16F7-4668-BE54-9A1E7A4F7556}") = "FirstProgram", "Lecture\Task00\FirstProgram.csproj", "{62669431-C18A-48D0-A05B-59EF9FC3A6AE}"
EndProject
Project("{2150E333-8FDC-42A3-9474-1A3956D46DE8}") = "Home_work", "Home_work", "{5AACB97E-FA9E-4A5F-88D7-8416C4317461}"
EndProject
Project("{2150E333-8FDC-42A3-9474-1A3956D46DE8}") = "HomeWork00", "HomeWork00", "{62E6EB63-7EC2-41B9-BAE6-C19D9D5B3DB8}"
EndProject
Project("{2150E333-8FDC-42A3-9474-1A3956D46DE8}") = "EvenNumbers", "EvenNumbers", "{3103FA78-A41F-4F09-BC27-A7734ECC9347}"
EndProject
Project("{9A19103F-16F7-4668-BE54-9A1E7A4F7556}") = "EvenNumber", "Home_work\HomeWork00\EvenNumbers\src\EvenNumber.csproj", "{8E8C3C8B-0095-4291-AA51-EF49EEC4461A}"
EndProject
Project("{2150E333-8FDC-42A3-9474-1A3956D46DE8}") = "isEvenNumber", "isEvenNumber", "{E73823C0-9892-49AE-BD65-3ADF7C7D86BE}"
EndProject
Project("{9A19103F-16F7-4668-BE54-9A1E7A4F7556}") = "isEvenNumber", "Home_work\HomeWork00\isEvenNumber\src\isEvenNumber.csproj", "{6885599A-7BF8-43E8-8871-377C810AFE19}"
EndProject
Project("{2150E333-8FDC-42A3-9474-1A3956D46DE8}") = "MaxMinNumber", "MaxMinNumber", "{BC52D065-F601-4DD3-8239-088FA7594440}"
EndProject
Project("{9A19103F-16F7-4668-BE54-9A1E7A4F7556}") = "MaxMinNumber", "Home_work\HomeWork00\MaxMinNumber\src\MaxMinNumber.csproj", "{35381BFC-A990-42E7-8253-ADDA3A675A9A}"
EndProject
Project("{2150E333-8FDC-42A3-9474-1A3956D46DE8}") = "MaxNumber", "MaxNumber", "{6B9EC7C8-1511-41B1-BE04-F13D4EBE8BD8}"
EndProject
Project("{9A19103F-16F7-4668-BE54-9A1E7A4F7556}") = "MaxNumber", "Home_work\HomeWork00\MaxNumber\src\MaxNumber.csproj", "{9FB051A5-751B-43A0-9D54-24F951FC0F8B}"
EndProject
Global
	GlobalSection(SolutionConfigurationPlatforms) = preSolution
		Debug|Any CPU = Debug|Any CPU
		Release|Any CPU = Release|Any CPU
	EndGlobalSection
	GlobalSection(ProjectConfigurationPlatforms) = postSolution
		{62669431-C18A-48D0-A05B-59EF9FC3A6AE}.Debug|Any CPU.ActiveCfg = Debug|Any CPU
		{62669431-C18A-48D0-A05B-59EF9FC3A6AE}.Debug|Any CPU.Build.0 = Debug|Any CPU
		{62669431-C18A-48D0-A05B-59EF9FC3A6AE}.Release|Any CPU.ActiveCfg = Release|Any CPU
		{62669431-C18A-48D0-A05B-59EF9FC3A6AE}.Release|Any CPU.Build.0 = Release|Any CPU
		{8E8C3C8B-0095-4291-AA51-EF49EEC4461A}.Debug|Any CPU.ActiveCfg = Debug|Any CPU
		{8E8C3C8B-0095-4291-AA51-EF49EEC4461A}.Debug|Any CPU.Build.0 = Debug|Any CPU
		{8E8C3C8B-0095-4291-AA51-EF49EEC4461A}.Release|Any CPU.ActiveCfg = Release|Any CPU
		{8E8C3C8B-0095-4291-AA51-EF49EEC4461A}.Release|Any CPU.Build.0 = Release|Any CPU
		{6885599A-7BF8-43E8-8871-377C810AFE19}.Debug|Any CPU.ActiveCfg = Debug|Any CPU
		{6885599A-7BF8-43E8-8871-377C810AFE19}.Debug|Any CPU.Build.0 = Debug|Any CPU
		{6885599A-7BF8-43E8-8871-377C810AFE19}.Release|Any CPU.ActiveCfg = Release|Any CPU
		{6885599A-7BF8-43E8-8871-377C810AFE19}.Release|Any CPU.Build.0 = Release|Any CPU
		{35381BFC-A990-42E7-8253-ADDA3A675A9A}.Debug|Any CPU.ActiveCfg = Debug|Any CPU
		{35381BFC-A990-42E7-8253-ADDA3A675A9A}.Debug|Any CPU.Build.0 = Debug|Any CPU
		{35381BFC-A990-42E7-8253-ADDA3A675A9A}.Release|Any CPU.ActiveCfg = Release|Any CPU
		{35381BFC-A990-42E7-8253-ADDA3A675A9A}.Release|Any CPU.Build.0 = Release|Any CPU
		{9FB051A5-751B-43A0-9D54-24F951FC0F8B}.Debug|Any CPU.ActiveCfg = Debug|Any CPU
		{9FB051A5-751B-43A0-9D54-24F951FC0F8B}.Debug|Any CPU.Build.0 = Debug|Any CPU
		{9FB051A5-751B-43A0-9D54-24F951FC0F8B}.Release|Any CPU.ActiveCfg = Release|Any CPU
		{9FB051A5-751B-43A0-9D54-24F951FC0F8B}.Release|Any CPU.Build.0 = Release|Any CPU
	EndGlobalSection
	GlobalSection(SolutionProperties) = preSolution
		HideSolutionNode = FALSE
	EndGlobalSection
	GlobalSection(NestedProjects) = preSolution
		{62669431-C18A-48D0-A05B-59EF9FC3A6AE} = {D99AF1BB-1D1E-412A-B5F2-B43F9AFD36FF}
		{62E6EB63-7EC2-41B9-BAE6-C19D9D5B3DB8} = {5AACB97E-FA9E-4A5F-88D7-8416C4317461}
		{3103FA78-A41F-4F09-BC27-A7734ECC9347} = {62E6EB63-7EC2-41B9-BAE6-C19D9D5B3DB8}
		{8E8C3C8B-0095-4291-AA51-EF49EEC4461A} = {3103FA78-A41F-4F09-BC27-A7734ECC9347}
		{E73823C0-9892-49AE-BD65-3ADF7C7D86BE} = {62E6EB63-7EC2-41B9-BAE6-C19D9D5B3DB8}
		{6885599A-7BF8-43E8-8871-377C810AFE19} = {E73823C0-9892-49AE-BD65-3ADF7C7D86BE}
		{BC52D065-F601-4DD3-8239-088FA7594440} = {62E6EB63-7EC2-41B9-BAE6-C19D9D5B3DB8}
		{35381BFC-A990-42E7-8253-ADDA3A675A9A} = {BC52D065-F601-4DD3-8239-088FA7594440}
		{6B9EC7C8-1511-41B1-BE04-F13D4EBE8BD8} = {62E6EB63-7EC2-41B9-BAE6-C19D9D5B3DB8}
		{9FB051A5-751B-43A0-9D54-24F951FC0F8B} = {6B9EC7C8-1511-41B1-BE04-F13D4EBE8BD8}
	EndGlobalSection
	GlobalSection(ExtensibilityGlobals) = postSolution
		SolutionGuid = {C0D636F4-6189-4299-886A-18A008E1D8A8}
	EndGlobalSection
EndGlobal
